
Microsoft Visual Studio Solution File, Format Version 12.00
# Visual Studio Version 17
VisualStudioVersion = 17.7.34221.43
MinimumVisualStudioVersion = 10.0.40219.1
Project("{F184B08F-C81C-45F6-A57F-5ABD9991F28F}") = "steelworkssalon", "steelworkssalon\steelworkssalon.vbproj", "{17F95757-437F-48B3-82E4-B6FE6EC01B88}"
EndProject
Global
	GlobalSection(SolutionConfigurationPlatforms) = preSolution
		Debug|Any CPU = Debug|Any CPU
		Release|Any CPU = Release|Any CPU
	EndGlobalSection
	GlobalSection(ProjectConfigurationPlatforms) = postSolution
		{17F95757-437F-48B3-82E4-B6FE6EC01B88}.Debug|Any CPU.ActiveCfg = Debug|Any CPU
		{17F95757-437F-48B3-82E4-B6FE6EC01B88}.Debug|Any CPU.Build.0 = Debug|Any CPU
		{17F95757-437F-48B3-82E4-B6FE6EC01B88}.Release|Any CPU.ActiveCfg = Release|Any CPU
		{17F95757-437F-48B3-82E4-B6FE6EC01B88}.Release|Any CPU.Build.0 = Release|Any CPU
	EndGlobalSection
	GlobalSection(SolutionProperties) = preSolution
		HideSolutionNode = FALSE
	EndGlobalSection
	GlobalSection(ExtensibilityGlobals) = postSolution
		SolutionGuid = {37F0ACD1-6CB2-48D7-A557-362769481AD7}
	EndGlobalSection
EndGlobal
